
Microsoft Visual Studio Solution File, Format Version 12.00
# Visual Studio 14
VisualStudioVersion = 14.0.25420.1
MinimumVisualStudioVersion = 10.0.40219.1
Project("{2150E333-8FDC-42A3-9474-1A3956D46DE8}") = "WebApi", "WebApi", "{A444CC4C-33F9-49A6-A00F-8BDB7A067355}"
EndProject
Project("{2150E333-8FDC-42A3-9474-1A3956D46DE8}") = "DTO", "DTO", "{25CA45C4-CCDF-4086-92BA-0234681D31CF}"
EndProject
Project("{2150E333-8FDC-42A3-9474-1A3956D46DE8}") = "Domian", "Domian", "{584D1C64-6543-4837-A704-F34376FB4990}"
EndProject
Project("{FAE04EC0-301F-11D3-BF4B-00C04F79EFBC}") = "Site.NewMK.WebApi", "Site.NewBwsl.WebApi\Site.NewMK.WebApi.csproj", "{945D6161-956E-4F23-99BB-380B96500D81}"
EndProject
Project("{FAE04EC0-301F-11D3-BF4B-00C04F79EFBC}") = "Manage.NewMK.WebApi", "Manage.NewBwsl.WebApi\Manage.NewMK.WebApi.csproj", "{C2FE65C6-8C15-4582-A506-818F02011503}"
EndProject
Project("{FAE04EC0-301F-11D3-BF4B-00C04F79EFBC}") = "NewMK.Domian", "NewBwsl.Domian\NewMK.Domian.csproj", "{B721FB24-7116-4F29-9629-ACACD1FF9527}"
EndProject
Project("{FAE04EC0-301F-11D3-BF4B-00C04F79EFBC}") = "NewMK.DTO", "NewBwsl.DTO\NewMK.DTO.csproj", "{4D00274F-02D6-4756-A3CE-19E7325FE345}"
EndProject
Project("{2150E333-8FDC-42A3-9474-1A3956D46DE8}") = "Model", "Model", "{93A3D454-B05C-4080-AE8D-04E873C52879}"
EndProject
Project("{FAE04EC0-301F-11D3-BF4B-00C04F79EFBC}") = "NewMK.Model", "NewBwsl.CM\NewMK.Model.csproj", "{050980C3-6ACE-4A87-910C-E5327632D05B}"
EndProject
Project("{FAE04EC0-301F-11D3-BF4B-00C04F79EFBC}") = "Accounting.NewMK.WebApi", "Accounting.NewBwsl.WebApi\Accounting.NewMK.WebApi.csproj", "{1AD7163C-D283-48BA-AAC9-8B057F7D0197}"
EndProject
Project("{2150E333-8FDC-42A3-9474-1A3956D46DE8}") = "Infrastructure", "Infrastructure", "{7F6DD1B9-AD92-40B4-8F80-A3B89C8C569E}"
EndProject
Project("{FAE04EC0-301F-11D3-BF4B-00C04F79EFBC}") = "Utility", "Utility\Utility.csproj", "{6812D8AF-85E2-4291-AF53-52D1C450201E}"
EndProject
Project("{FAE04EC0-301F-11D3-BF4B-00C04F79EFBC}") = "BackTask.NewMK.Service", "BackTask.NewBwsl.Service\BackTask.NewMK.Service.csproj", "{CC2B42FA-72B0-4318-A496-C274D46D311E}"
EndProject
Global
	GlobalSection(SolutionConfigurationPlatforms) = preSolution
		Debug|Any CPU = Debug|Any CPU
		Release|Any CPU = Release|Any CPU
	EndGlobalSection
	GlobalSection(ProjectConfigurationPlatforms) = postSolution
		{945D6161-956E-4F23-99BB-380B96500D81}.Debug|Any CPU.ActiveCfg = Debug|Any CPU
		{945D6161-956E-4F23-99BB-380B96500D81}.Debug|Any CPU.Build.0 = Debug|Any CPU
		{945D6161-956E-4F23-99BB-380B96500D81}.Release|Any CPU.ActiveCfg = Release|Any CPU
		{945D6161-956E-4F23-99BB-380B96500D81}.Release|Any CPU.Build.0 = Release|Any CPU
		{C2FE65C6-8C15-4582-A506-818F02011503}.Debug|Any CPU.ActiveCfg = Debug|Any CPU
		{C2FE65C6-8C15-4582-A506-818F02011503}.Debug|Any CPU.Build.0 = Debug|Any CPU
		{C2FE65C6-8C15-4582-A506-818F02011503}.Release|Any CPU.ActiveCfg = Release|Any CPU
		{C2FE65C6-8C15-4582-A506-818F02011503}.Release|Any CPU.Build.0 = Release|Any CPU
		{B721FB24-7116-4F29-9629-ACACD1FF9527}.Debug|Any CPU.ActiveCfg = Debug|Any CPU
		{B721FB24-7116-4F29-9629-ACACD1FF9527}.Debug|Any CPU.Build.0 = Debug|Any CPU
		{B721FB24-7116-4F29-9629-ACACD1FF9527}.Release|Any CPU.ActiveCfg = Release|Any CPU
		{B721FB24-7116-4F29-9629-ACACD1FF9527}.Release|Any CPU.Build.0 = Release|Any CPU
		{4D00274F-02D6-4756-A3CE-19E7325FE345}.Debug|Any CPU.ActiveCfg = Debug|Any CPU
		{4D00274F-02D6-4756-A3CE-19E7325FE345}.Debug|Any CPU.Build.0 = Debug|Any CPU
		{4D00274F-02D6-4756-A3CE-19E7325FE345}.Release|Any CPU.ActiveCfg = Release|Any CPU
		{4D00274F-02D6-4756-A3CE-19E7325FE345}.Release|Any CPU.Build.0 = Release|Any CPU
		{050980C3-6ACE-4A87-910C-E5327632D05B}.Debug|Any CPU.ActiveCfg = Debug|Any CPU
		{050980C3-6ACE-4A87-910C-E5327632D05B}.Debug|Any CPU.Build.0 = Debug|Any CPU
		{050980C3-6ACE-4A87-910C-E5327632D05B}.Release|Any CPU.ActiveCfg = Release|Any CPU
		{050980C3-6ACE-4A87-910C-E5327632D05B}.Release|Any CPU.Build.0 = Release|Any CPU
		{1AD7163C-D283-48BA-AAC9-8B057F7D0197}.Debug|Any CPU.ActiveCfg = Debug|Any CPU
		{1AD7163C-D283-48BA-AAC9-8B057F7D0197}.Debug|Any CPU.Build.0 = Debug|Any CPU
		{1AD7163C-D283-48BA-AAC9-8B057F7D0197}.Release|Any CPU.ActiveCfg = Release|Any CPU
		{1AD7163C-D283-48BA-AAC9-8B057F7D0197}.Release|Any CPU.Build.0 = Release|Any CPU
		{6812D8AF-85E2-4291-AF53-52D1C450201E}.Debug|Any CPU.ActiveCfg = Debug|Any CPU
		{6812D8AF-85E2-4291-AF53-52D1C450201E}.Debug|Any CPU.Build.0 = Debug|Any CPU
		{6812D8AF-85E2-4291-AF53-52D1C450201E}.Release|Any CPU.ActiveCfg = Release|Any CPU
		{6812D8AF-85E2-4291-AF53-52D1C450201E}.Release|Any CPU.Build.0 = Release|Any CPU
		{CC2B42FA-72B0-4318-A496-C274D46D311E}.Debug|Any CPU.ActiveCfg = Debug|Any CPU
		{CC2B42FA-72B0-4318-A496-C274D46D311E}.Debug|Any CPU.Build.0 = Debug|Any CPU
		{CC2B42FA-72B0-4318-A496-C274D46D311E}.Release|Any CPU.ActiveCfg = Release|Any CPU
		{CC2B42FA-72B0-4318-A496-C274D46D311E}.Release|Any CPU.Build.0 = Release|Any CPU
	EndGlobalSection
	GlobalSection(SolutionProperties) = preSolution
		HideSolutionNode = FALSE
	EndGlobalSection
	GlobalSection(NestedProjects) = preSolution
		{945D6161-956E-4F23-99BB-380B96500D81} = {A444CC4C-33F9-49A6-A00F-8BDB7A067355}
		{C2FE65C6-8C15-4582-A506-818F02011503} = {A444CC4C-33F9-49A6-A00F-8BDB7A067355}
		{B721FB24-7116-4F29-9629-ACACD1FF9527} = {584D1C64-6543-4837-A704-F34376FB4990}
		{4D00274F-02D6-4756-A3CE-19E7325FE345} = {25CA45C4-CCDF-4086-92BA-0234681D31CF}
		{050980C3-6ACE-4A87-910C-E5327632D05B} = {93A3D454-B05C-4080-AE8D-04E873C52879}
		{1AD7163C-D283-48BA-AAC9-8B057F7D0197} = {A444CC4C-33F9-49A6-A00F-8BDB7A067355}
		{6812D8AF-85E2-4291-AF53-52D1C450201E} = {7F6DD1B9-AD92-40B4-8F80-A3B89C8C569E}
		{CC2B42FA-72B0-4318-A496-C274D46D311E} = {A444CC4C-33F9-49A6-A00F-8BDB7A067355}
	EndGlobalSection
	GlobalSection(ExtensibilityGlobals) = postSolution
		SolutionGuid = {D1581593-9992-4589-BD10-7C7855CF6043}
	EndGlobalSection
EndGlobal
